<<<<<<< HEAD
Last acquired by C:\Users\USER\Downloads\flutter_windows_3.38.9-stable\flutter\bin\cache\dart-sdk\bin\dart.exe (pid 36252) running file:///C:/Users/USER/Downloads/flutter_windows_3.38.9-stable/flutter/bin/cache/flutter_tools.snapshot on 2026-02-08 17:12:09.578317.
=======
Last acquired by C:\Users\USER\Downloads\flutter_windows_3.38.9-stable\flutter\bin\cache\dart-sdk\bin\dart.exe (pid 23560) running file:///C:/Users/USER/Downloads/flutter_windows_3.38.9-stable/flutter/bin/cache/flutter_tools.snapshot on 2026-02-08 20:54:10.514972.
>>>>>>> d0a41dcf8f6b0487a27d12e9528400beec2b0d67
